
Microsoft Visual Studio Solution File, Format Version 12.00
# Visual Studio Version 17
VisualStudioVersion = 17.8.34525.116
MinimumVisualStudioVersion = 10.0.40219.1
Project("{FAE04EC0-301F-11D3-BF4B-00C04F79EFBC}") = "HKR3-Task1", "HKR3-Task1.csproj", "{4A20DB86-00DC-4E23-B4CF-6B8CA5DB510E}"
EndProject
Global
	GlobalSection(SolutionConfigurationPlatforms) = preSolution
		Debug|Any CPU = Debug|Any CPU
		Release|Any CPU = Release|Any CPU
	EndGlobalSection
	GlobalSection(ProjectConfigurationPlatforms) = postSolution
		{4A20DB86-00DC-4E23-B4CF-6B8CA5DB510E}.Debug|Any CPU.ActiveCfg = Debug|Any CPU
		{4A20DB86-00DC-4E23-B4CF-6B8CA5DB510E}.Debug|Any CPU.Build.0 = Debug|Any CPU
		{4A20DB86-00DC-4E23-B4CF-6B8CA5DB510E}.Release|Any CPU.ActiveCfg = Release|Any CPU
		{4A20DB86-00DC-4E23-B4CF-6B8CA5DB510E}.Release|Any CPU.Build.0 = Release|Any CPU
	EndGlobalSection
	GlobalSection(SolutionProperties) = preSolution
		HideSolutionNode = FALSE
	EndGlobalSection
	GlobalSection(ExtensibilityGlobals) = postSolution
		SolutionGuid = {7B51ADE9-F04C-4B5F-B5B6-B85295535F4D}
	EndGlobalSection
EndGlobal
